{
  "name": "ajs_hw3.1",
  "version": "1.0.0",
  "lockfileVersion": 1,
  "requires": true,
  "dependencies": {
    "@sergeiseledkov/ajs_hw3": {
      "version": "1.0.0",
      "resolved": "https://npm.pkg.github.com/download/@sergeiseledkov/ajs_hw3/1.0.0/9b17376b22c367b8db702ca1b62cd31cb2509d21a06ee399e0fd07900ea9be13",
      "integrity": "sha512-8U5crGrHxjepNl1Puxngde8gHJsEkxHGbe0QW0+BhJbqUugWq4kpA5b4tXw9jqsCTPfeHuHpVbOPZuvyhktulg=="
    }
  }
}
